
Microsoft Visual Studio Solution File, Format Version 12.00
# Visual Studio 15
VisualStudioVersion = 15.0.27703.2042
MinimumVisualStudioVersion = 10.0.40219.1
Project("{FAE04EC0-301F-11D3-BF4B-00C04F79EFBC}") = "TabelulPeriodic", "Tabelul-Periodic\TabelulPeriodic.csproj", "{3EDFE56E-55B8-413C-A710-C7636DE309E1}"
EndProject
Global
	GlobalSection(SolutionConfigurationPlatforms) = preSolution
		Debug|Any CPU = Debug|Any CPU
		Release|Any CPU = Release|Any CPU
	EndGlobalSection
	GlobalSection(ProjectConfigurationPlatforms) = postSolution
		{3EDFE56E-55B8-413C-A710-C7636DE309E1}.Debug|Any CPU.ActiveCfg = Debug|Any CPU
		{3EDFE56E-55B8-413C-A710-C7636DE309E1}.Debug|Any CPU.Build.0 = Debug|Any CPU
		{3EDFE56E-55B8-413C-A710-C7636DE309E1}.Release|Any CPU.ActiveCfg = Release|Any CPU
		{3EDFE56E-55B8-413C-A710-C7636DE309E1}.Release|Any CPU.Build.0 = Release|Any CPU
	EndGlobalSection
	GlobalSection(SolutionProperties) = preSolution
		HideSolutionNode = FALSE
	EndGlobalSection
	GlobalSection(ExtensibilityGlobals) = postSolution
		SolutionGuid = {D7E74DE9-1CD4-421F-B9C1-AF31D2C838ED}
	EndGlobalSection
EndGlobal
